
Microsoft Visual Studio Solution File, Format Version 12.00
# Visual Studio Version 16
VisualStudioVersion = 16.0.29613.14
MinimumVisualStudioVersion = 10.0.40219.1
Project("{FAE04EC0-301F-11D3-BF4B-00C04F79EFBC}") = "restaurantoto", "restaurantoto\restaurantoto.csproj", "{E0B7F6DF-FCFD-492C-8694-37E687F7407F}"
EndProject
Global
	GlobalSection(SolutionConfigurationPlatforms) = preSolution
		Debug|Any CPU = Debug|Any CPU
		Release|Any CPU = Release|Any CPU
	EndGlobalSection
	GlobalSection(ProjectConfigurationPlatforms) = postSolution
		{E0B7F6DF-FCFD-492C-8694-37E687F7407F}.Debug|Any CPU.ActiveCfg = Debug|Any CPU
		{E0B7F6DF-FCFD-492C-8694-37E687F7407F}.Debug|Any CPU.Build.0 = Debug|Any CPU
		{E0B7F6DF-FCFD-492C-8694-37E687F7407F}.Release|Any CPU.ActiveCfg = Release|Any CPU
		{E0B7F6DF-FCFD-492C-8694-37E687F7407F}.Release|Any CPU.Build.0 = Release|Any CPU
	EndGlobalSection
	GlobalSection(SolutionProperties) = preSolution
		HideSolutionNode = FALSE
	EndGlobalSection
	GlobalSection(ExtensibilityGlobals) = postSolution
		SolutionGuid = {C30BE48B-1CA3-462D-8907-F1127CAD895C}
	EndGlobalSection
EndGlobal
